[root]
name = "msgpack"
version = "0.1.0"
dependencies = [
 "byteorder 0.2.14 (registry+https://github.com/rust-lang/crates.io-index)",
]

[[package]]
name = "bswap"
version = "0.1.8"
source = "registry+https://github.com/rust-lang/crates.io-index"

[[package]]
name = "byteorder"
version = "0.2.14"
source = "registry+https://github.com/rust-lang/crates.io-index"
dependencies = [
 "bswap 0.1.8 (registry+https://github.com/rust-lang/crates.io-index)",
]

